# This file is automatically @generated by Cargo.
# It is not intended for manual editing.
version = 4

[[package]]
name = "dynamic_composite"
version = "0.1.0"

[[package]]
name = "dynamic_decorator"
version = "0.1.0"

[[package]]
name = "dynamic_visitor"
version = "0.1.0"

[[package]]
name = "static_composite"
version = "0.1.0"

[[package]]
name = "static_decorator"
version = "0.1.0"

[[package]]
name = "static_visitor"
version = "0.1.0"
